
Microsoft Visual Studio Solution File, Format Version 12.00
# Visual Studio 15
VisualStudioVersion = 15.0.28307.539
MinimumVisualStudioVersion = 10.0.40219.1
Project("{FAE04EC0-301F-11D3-BF4B-00C04F79EFBC}") = "QUAY.ServiceAPI", "QUAY.ServiceAPI\QUAY.ServiceAPI.csproj", "{E27F738E-D21B-41DE-867D-4414FDEE30D9}"
EndProject
Project("{FAE04EC0-301F-11D3-BF4B-00C04F79EFBC}") = "QUAY.Models", "QUAY.Models\QUAY.Models.csproj", "{91FE9568-DE5F-49D8-972D-D24498FAAF48}"
EndProject
Global
	GlobalSection(SolutionConfigurationPlatforms) = preSolution
		Debug|Any CPU = Debug|Any CPU
		Release|Any CPU = Release|Any CPU
	EndGlobalSection
	GlobalSection(ProjectConfigurationPlatforms) = postSolution
		{E27F738E-D21B-41DE-867D-4414FDEE30D9}.Debug|Any CPU.ActiveCfg = Debug|Any CPU
		{E27F738E-D21B-41DE-867D-4414FDEE30D9}.Debug|Any CPU.Build.0 = Debug|Any CPU
		{E27F738E-D21B-41DE-867D-4414FDEE30D9}.Release|Any CPU.ActiveCfg = Release|Any CPU
		{E27F738E-D21B-41DE-867D-4414FDEE30D9}.Release|Any CPU.Build.0 = Release|Any CPU
		{91FE9568-DE5F-49D8-972D-D24498FAAF48}.Debug|Any CPU.ActiveCfg = Debug|Any CPU
		{91FE9568-DE5F-49D8-972D-D24498FAAF48}.Debug|Any CPU.Build.0 = Debug|Any CPU
		{91FE9568-DE5F-49D8-972D-D24498FAAF48}.Release|Any CPU.ActiveCfg = Release|Any CPU
		{91FE9568-DE5F-49D8-972D-D24498FAAF48}.Release|Any CPU.Build.0 = Release|Any CPU
	EndGlobalSection
	GlobalSection(SolutionProperties) = preSolution
		HideSolutionNode = FALSE
	EndGlobalSection
	GlobalSection(ExtensibilityGlobals) = postSolution
		SolutionGuid = {91403BDC-7705-47CA-A23D-FF99609C3527}
	EndGlobalSection
EndGlobal
